// !$*UTF8*$!
{
	archiveVersion = 1;
	classes = {
	};
	objectVersion = 46;
	objects = {

/* Begin PBXBuildFile section */
		6FE436761ADB025A007DA8CC /* AppDelegate.swift in Sources */ = {isa = PBXBuildFile; fileRef = 6FE436751ADB025A007DA8CC /* AppDelegate.swift */; };
		6FE436781ADB025A007DA8CC /* ViewController.swift in Sources */ = {isa = PBXBuildFile; fileRef = 6FE436771ADB025A007DA8CC /* ViewController.swift */; };
		6FE4367B1ADB025A007DA8CC /* Main.storyboard in Resources */ = {isa = PBXBuildFile; fileRef = 6FE436791ADB025A007DA8CC /* Main.storyboard */; };
		6FE4367D1ADB025A007DA8CC /* Images.xcassets in Resources */ = {isa = PBXBuildFile; fileRef = 6FE4367C1ADB025A007DA8CC /* Images.xcassets */; };
		6FE436801ADB025A007DA8CC /* LaunchScreen.xib in Resources */ = {isa = PBXBuildFile; fileRef = 6FE4367E1ADB025A007DA8CC /* LaunchScreen.xib */; };
		6FE4368C1ADB025A007DA8CC /* PostcardTests.swift in Sources */ = {isa = PBXBuildFile; fileRef = 6FE4368B1ADB025A007DA8CC /* PostcardTests.swift */; };
		6FE436961ADB0838007DA8CC /* familiaSagrada.jpeg in Resources */ = {isa = PBXBuildFile; fileRef = 6FE436951ADB0838007DA8CC /* familiaSagrada.jpeg */; };
		6FE436981ADB0B8B007DA8CC /* Einstein.jpeg in Resources */ = {isa = PBXBuildFile; fileRef = 6FE436971ADB0B8B007DA8CC /* Einstein.jpeg */; };
/* End PBXBuildFile section */

/* Begin PBXContainerItemProxy section */
		6FE436861ADB025A007DA8CC /* PBXContainerItemProxy */ = {
			isa = PBXContainerItemProxy;
			containerPortal = 6FE436681ADB025A007DA8CC /* Project object */;
			proxyType = 1;
			remoteGlobalIDString = 6FE4366F1ADB025A007DA8CC;
			remoteInfo = Postcard;
		};
/* End PBXContainerItemProxy section */

/* Begin PBXFileReference section */
		6FE436701ADB025A007DA8CC /* Postcard.app */ = {isa = PBXFileReference; explicitFileType = wrapper.application; includeInIndex = 0; path = Postcard.app; sourceTree = BUILT_PRODUCTS_DIR; };
		6FE436741ADB025A007DA8CC /* Info.plist */ = {isa = PBXFileReference; lastKnownFileType = text.plist.xml; path = Info.plist; sourceTree = "<group>"; };
		6FE436751ADB025A007DA8CC /* AppDelegate.swift */ = {isa = PBXFileReference; lastKnownFileType = sourcecode.swift; path = AppDelegate.swift; sourceTree = "<group>"; };
		6FE436771ADB025A007DA8CC /* ViewController.swift */ = {isa = PBXFileReference; lastKnownFileType = sourcecode.swift; path = ViewController.swift; sourceTree = "<group>"; };
		6FE4367A1ADB025A007DA8CC /* Base */ = {isa = PBXFileReference; lastKnownFileType = file.storyboard; name = Base; path = Base.lproj/Main.storyboard; sourceTree = "<group>"; };
		6FE4367C1ADB025A007DA8CC /* Images.xcassets */ = {isa = PBXFileReference; lastKnownFileType = folder.assetcatalog; path = Images.xcassets; sourceTree = "<group>"; };
		6FE4367F1ADB025A007DA8CC /* Base */ = {isa = PBXFileReference; lastKnownFileType = file.xib; name = Base; path = Base.lproj/LaunchScreen.xib; sourceTree = "<group>"; };
		6FE436851ADB025A007DA8CC /* PostcardTests.xctest */ = {isa = PBXFileReference; explicitFileType = wrapper.cfbundle; includeInIndex = 0; path = PostcardTests.xctest; sourceTree = BUILT_PRODUCTS_DIR; };
		6FE4368A1ADB025A007DA8CC /* Info.plist */ = {isa = PBXFileReference; lastKnownFileType = text.plist.xml; path = Info.plist; sourceTree = "<group>"; };
		6FE4368B1ADB025A007DA8CC /* PostcardTests.swift */ = {isa = PBXFileReference; lastKnownFileType = sourcecode.swift; path = PostcardTests.swift; sourceTree = "<group>"; };
		6FE436951ADB0838007DA8CC /* familiaSagrada.jpeg */ = {isa = PBXFileReference; lastKnownFileType = image.jpeg; path = familiaSagrada.jpeg; sourceTree = "<group>"; };
		6FE436971ADB0B8B007DA8CC /* Einstein.jpeg */ = {isa = PBXFileReference; lastKnownFileType = image.jpeg; path = Einstein.jpeg; sourceTree = "<group>"; };
/* End PBXFileReference section */

/* Begin PBXFrameworksBuildPhase section */
		6FE4366D1ADB025A007DA8CC /* Frameworks */ = {
			isa = PBXFrameworksBuildPhase;
			buildActionMask = 2147483647;
			files = (
			);
			runOnlyForDeploymentPostprocessing = 0;
		};
		6FE436821ADB025A007DA8CC /* Frameworks */ = {
			isa = PBXFrameworksBuildPhase;
			buildActionMask = 2147483647;
			files = (
			);
			runOnlyForDeploymentPostprocessing = 0;
		};
/* End PBXFrameworksBuildPhase section */

/* Begin PBXGroup section */
		6FE436671ADB025A007DA8CC = {
			isa = PBXGroup;
			children = (
				6FE436721ADB025A007DA8CC /* Postcard */,
				6FE436881ADB025A007DA8CC /* PostcardTests */,
				6FE436711ADB025A007DA8CC /* Products */,
			);
			sourceTree = "<group>";
		};
		6FE436711ADB025A007DA8CC /* Products */ = {
			isa = PBXGroup;
			children = (
				6FE436701ADB025A007DA8CC /* Postcard.app */,
				6FE436851ADB025A007DA8CC /* PostcardTests.xctest */,
			);
			name = Products;
			sourceTree = "<group>";
		};
		6FE436721ADB025A007DA8CC /* Postcard */ = {
			isa = PBXGroup;
			children = (
				6FE436751ADB025A007DA8CC /* AppDelegate.swift */,
				6FE436771ADB025A007DA8CC /* ViewController.swift */,
				6FE436791ADB025A007DA8CC /* Main.storyboard */,
				6FE4367C1ADB025A007DA8CC /* Images.xcassets */,
				6FE4367E1ADB025A007DA8CC /* LaunchScreen.xib */,
				6FE436731ADB025A007DA8CC /* Supporting Files */,
			);
			path = Postcard;
			sourceTree = "<group>";
		};
		6FE436731ADB025A007DA8CC /* Supporting Files */ = {
			isa = PBXGroup;
			children = (
				6FE436971ADB0B8B007DA8CC /* Einstein.jpeg */,
				6FE436951ADB0838007DA8CC /* familiaSagrada.jpeg */,
				6FE436741ADB025A007DA8CC /* Info.plist */,
			);
			name = "Supporting Files";
			sourceTree = "<group>";
		};
		6FE436881ADB025A007DA8CC /* PostcardTests */ = {
			isa = PBXGroup;
			children = (
				6FE4368B1ADB025A007DA8CC /* PostcardTests.swift */,
				6FE436891ADB025A007DA8CC /* Supporting Files */,
			);
			path = PostcardTests;
			sourceTree = "<group>";
		};
		6FE436891ADB025A007DA8CC /* Supporting Files */ = {
			isa = PBXGroup;
			children = (
				6FE4368A1ADB025A007DA8CC /* Info.plist */,
			);
			name = "Supporting Files";
			sourceTree = "<group>";
		};
/* End PBXGroup section */

/* Begin PBXNativeTarget section */
		6FE4366F1ADB025A007DA8CC /* Postcard */ = {
			isa = PBXNativeTarget;
			buildConfigurationList = 6FE4368F1ADB025A007DA8CC /* Build configuration list for PBXNativeTarget "Postcard" */;
			buildPhases = (
				6FE4366C1ADB025A007DA8CC /* Sources */,
				6FE4366D1ADB025A007DA8CC /* Frameworks */,
				6FE4366E1ADB025A007DA8CC /* Resources */,
			);
			buildRules = (
			);
			dependencies = (
			);
			name = Postcard;
			productName = Postcard;
			productReference = 6FE436701ADB025A007DA8CC /* Postcard.app */;
			productType = "com.apple.product-type.application";
		};
		6FE436841ADB025A007DA8CC /* PostcardTests */ = {
			isa = PBXNativeTarget;
			buildConfigurationList = 6FE436921ADB025A007DA8CC /* Build configuration list for PBXNativeTarget "PostcardTests" */;
			buildPhases = (
				6FE436811ADB025A007DA8CC /* Sources */,
				6FE436821ADB025A007DA8CC /* Frameworks */,
				6FE436831ADB025A007DA8CC /* Resources */,
			);
			buildRules = (
			);
			dependencies = (
				6FE436871ADB025A007DA8CC /* PBXTargetDependency */,
			);
			name = PostcardTests;
			productName = PostcardTests;
			productReference = 6FE436851ADB025A007DA8CC /* PostcardTests.xctest */;
			productType = "com.apple.product-type.bundle.unit-test";
		};
/* End PBXNativeTarget section */

/* Begin PBXProject section */
		6FE436681ADB025A007DA8CC /* Project object */ = {
			isa = PBXProject;
			attributes = {
				LastUpgradeCheck = 0620;
				ORGANIZATIONNAME = "Sunya Innovations";
				TargetAttributes = {
					6FE4366F1ADB025A007DA8CC = {
						CreatedOnToolsVersion = 6.2;
					};
					6FE436841ADB025A007DA8CC = {
						CreatedOnToolsVersion = 6.2;
						TestTargetID = 6FE4366F1ADB025A007DA8CC;
					};
				};
			};
			buildConfigurationList = 6FE4366B1ADB025A007DA8CC /* Build configuration list for PBXProject "Postcard" */;
			compatibilityVersion = "Xcode 3.2";
			developmentRegion = English;
			hasScannedForEncodings = 0;
			knownRegions = (
				en,
				Base,
			);
			mainGroup = 6FE436671ADB025A007DA8CC;
			productRefGroup = 6FE436711ADB025A007DA8CC /* Products */;
			projectDirPath = "";
			projectRoot = "";
			targets = (
				6FE4366F1ADB025A007DA8CC /* Postcard */,
				6FE436841ADB025A007DA8CC /* PostcardTests */,
			);
		};
/* End PBXProject section */

/* Begin PBXResourcesBuildPhase section */
		6FE4366E1ADB025A007DA8CC /* Resources */ = {
			isa = PBXResourcesBuildPhase;
			buildActionMask = 2147483647;
			files = (
				6FE4367B1ADB025A007DA8CC /* Main.storyboard in Resources */,
				6FE436961ADB0838007DA8CC /* familiaSagrada.jpeg in Resources */,
				6FE436981ADB0B8B007DA8CC /* Einstein.jpeg in Resources */,
				6FE436801ADB025A007DA8CC /* LaunchScreen.xib in Resources */,
				6FE4367D1ADB025A007DA8CC /* Images.xcassets in Resources */,
			);
			runOnlyForDeploymentPostprocessing = 0;
		};
		6FE436831ADB025A007DA8CC /* Resources */ = {
			isa = PBXResourcesBuildPhase;
			buildActionMask = 2147483647;
			files = (
			);
			runOnlyForDeploymentPostprocessing = 0;
		};
/* End PBXResourcesBuildPhase section */

/* Begin PBXSourcesBuildPhase section */
		6FE4366C1ADB025A007DA8CC /* Sources */ = {
			isa = PBXSourcesBuildPhase;
			buildActionMask = 2147483647;
			files = (
				6FE436781ADB025A007DA8CC /* ViewController.swift in Sources */,
				6FE436761ADB025A007DA8CC /* AppDelegate.swift in Sources */,
			);
			runOnlyForDeploymentPostprocessing = 0;
		};
		6FE436811ADB025A007DA8CC /* Sources */ = {
			isa = PBXSourcesBuildPhase;
			buildActionMask = 2147483647;
			files = (
				6FE4368C1ADB025A007DA8CC /* PostcardTests.swift in Sources */,
			);
			runOnlyForDeploymentPostprocessing = 0;
		};
/* End PBXSourcesBuildPhase section */

/* Begin PBXTargetDependency section */
		6FE436871ADB025A007DA8CC /* PBXTargetDependency */ = {
			isa = PBXTargetDependency;
			target = 6FE4366F1ADB025A007DA8CC /* Postcard */;
			targetProxy = 6FE436861ADB025A007DA8CC /* PBXContainerItemProxy */;
		};
/* End PBXTargetDependency section */

/* Begin PBXVariantGroup section */
		6FE436791ADB025A007DA8CC /* Main.storyboard */ = {
			isa = PBXVariantGroup;
			children = (
				6FE4367A1ADB025A007DA8CC /* Base */,
			);
			name = Main.storyboard;
			sourceTree = "<group>";
		};
		6FE4367E1ADB025A007DA8CC /* LaunchScreen.xib */ = {
			isa = PBXVariantGroup;
			children = (
				6FE4367F1ADB025A007DA8CC /* Base */,
			);
			name = LaunchScreen.xib;
			sourceTree = "<group>";
		};
/* End PBXVariantGroup section */

/* Begin XCBuildConfiguration section */
		6FE4368D1ADB025A007DA8CC /* Debug */ = {
			isa = XCBuildConfiguration;
			buildSettings = {
				ALWAYS_SEARCH_USER_PATHS = NO;
				CLANG_CXX_LANGUAGE_STANDARD = "gnu++0x";
				CLANG_CXX_LIBRARY = "libc++";
				CLANG_ENABLE_MODULES = YES;
				CLANG_ENABLE_OBJC_ARC = YES;
				CLANG_WARN_BOOL_CONVERSION = YES;
				CLANG_WARN_CONSTANT_CONVERSION = YES;
				CLANG_WARN_DIRECT_OBJC_ISA_USAGE = YES_ERROR;
				CLANG_WARN_EMPTY_BODY = YES;
				CLANG_WARN_ENUM_CONVERSION = YES;
				CLANG_WARN_INT_CONVERSION = YES;
				CLANG_WARN_OBJC_ROOT_CLASS = YES_ERROR;
				CLANG_WARN_UNREACHABLE_CODE = YES;
				CLANG_WARN__DUPLICATE_METHOD_MATCH = YES;
				"CODE_SIGN_IDENTITY[sdk=iphoneos*]" = "iPhone Developer";
				COPY_PHASE_STRIP = NO;
				ENABLE_STRICT_OBJC_MSGSEND = YES;
				GCC_C_LANGUAGE_STANDARD = gnu99;
				GCC_DYNAMIC_NO_PIC = NO;
				GCC_OPTIMIZATION_LEVEL = 0;
				GCC_PREPROCESSOR_DEFINITIONS = (
					"DEBUG=1",
					"$(inherited)",
				);
				GCC_SYMBOLS_PRIVATE_EXTERN = NO;
				GCC_WARN_64_TO_32_BIT_CONVERSION = YES;
				GCC_WARN_ABOUT_RETURN_TYPE = YES_ERROR;
				GCC_WARN_UNDECLARED_SELECTOR = YES;
				GCC_WARN_UNINITIALIZED_AUTOS = YES_AGGRESSIVE;
				GCC_WARN_UNUSED_FUNCTION = YES;
				GCC_WARN_UNUSED_VARIABLE = YES;
				IPHONEOS_DEPLOYMENT_TARGET = 8.2;
				MTL_ENABLE_DEBUG_INFO = YES;
				ONLY_ACTIVE_ARCH = YES;
				SDKROOT = iphoneos;
				SWIFT_OPTIMIZATION_LEVEL = "-Onone";
				TARGETED_DEVICE_FAMILY = "1,2";
			};
			name = Debug;
		};
		6FE4368E1ADB025A007DA8CC /* Release */ = {
			isa = XCBuildConfiguration;
			buildSettings = {
				ALWAYS_SEARCH_USER_PATHS = NO;
				CLANG_CXX_LANGUAGE_STANDARD = "gnu++0x";
				CLANG_CXX_LIBRARY = "libc++";
				CLANG_ENABLE_MODULES = YES;
				CLANG_ENABLE_OBJC_ARC = YES;
				CLANG_WARN_BOOL_CONVERSION = YES;
				CLANG_WARN_CONSTANT_CONVERSION = YES;
				CLANG_WARN_DIRECT_OBJC_ISA_USAGE = YES_ERROR;
				CLANG_WARN_EMPTY_BODY = YES;
				CLANG_WARN_ENUM_CONVERSION = YES;
				CLANG_WARN_INT_CONVERSION = YES;
				CLANG_WARN_OBJC_ROOT_CLASS = YES_ERROR;
				CLANG_WARN_UNREACHABLE_CODE = YES;
				CLANG_WARN__DUPLICATE_METHOD_MATCH = YES;
				"CODE_SIGN_IDENTITY[sdk=iphoneos*]" = "iPhone Developer";
				COPY_PHASE_STRIP = NO;
				ENABLE_NS_ASSERTIONS = NO;
				ENABLE_STRICT_OBJC_MSGSEND = YES;
				GCC_C_LANGUAGE_STANDARD = gnu99;
				GCC_WARN_64_TO_32_BIT_CONVERSION = YES;
				GCC_WARN_ABOUT_RETURN_TYPE = YES_ERROR;
				GCC_WARN_UNDECLARED_SELECTOR = YES;
				GCC_WARN_UNINITIALIZED_AUTOS = YES_AGGRESSIVE;
				GCC_WARN_UNUSED_FUNCTION = YES;
				GCC_WARN_UNUSED_VARIABLE = YES;
				IPHONEOS_DEPLOYMENT_TARGET = 8.2;
				MTL_ENABLE_DEBUG_INFO = NO;
				SDKROOT = iphoneos;
				TARGETED_DEVICE_FAMILY = "1,2";
				VALIDATE_PRODUCT = YES;
			};
			name = Release;
		};
		6FE436901ADB025A007DA8CC /* Debug */ = {
			isa = XCBuildConfiguration;
			buildSettings = {
				ASSETCATALOG_COMPILER_APPICON_NAME = AppIcon;
				INFOPLIST_FILE = Postcard/Info.plist;
				LD_RUNPATH_SEARCH_PATHS = "$(inherited) @executable_path/Frameworks";
				PRODUCT_NAME = "$(TARGET_NAME)";
			};
			name = Debug;
		};
		6FE436911ADB025A007DA8CC /* Release */ = {
			isa = XCBuildConfiguration;
			buildSettings = {
				ASSETCATALOG_COMPILER_APPICON_NAME = AppIcon;
				INFOPLIST_FILE = Postcard/Info.plist;
				LD_RUNPATH_SEARCH_PATHS = "$(inherited) @executable_path/Frameworks";
				PRODUCT_NAME = "$(TARGET_NAME)";
			};
			name = Release;
		};
		6FE436931ADB025A007DA8CC /* Debug */ = {
			isa = XCBuildConfiguration;
			buildSettings = {
				BUNDLE_LOADER = "$(TEST_HOST)";
				FRAMEWORK_SEARCH_PATHS = (
					"$(SDKROOT)/Developer/Library/Frameworks",
					"$(inherited)",
				);
				GCC_PREPROCESSOR_DEFINITIONS = (
					"DEBUG=1",
					"$(inherited)",
				);
				INFOPLIST_FILE = PostcardTests/Info.plist;
				LD_RUNPATH_SEARCH_PATHS = "$(inherited) @executable_path/Frameworks @loader_path/Frameworks";
				PRODUCT_NAME = "$(TARGET_NAME)";
				TEST_HOST = "$(BUILT_PRODUCTS_DIR)/Postcard.app/Postcard";
			};
			name = Debug;
		};
		6FE436941ADB025A007DA8CC /* Release */ = {
			isa = XCBuildConfiguration;
			buildSettings = {
				BUNDLE_LOADER = "$(TEST_HOST)";
				FRAMEWORK_SEARCH_PATHS = (
					"$(SDKROOT)/Developer/Library/Frameworks",
					"$(inherited)",
				);
				INFOPLIST_FILE = PostcardTests/Info.plist;
				LD_RUNPATH_SEARCH_PATHS = "$(inherited) @executable_path/Frameworks @loader_path/Frameworks";
				PRODUCT_NAME = "$(TARGET_NAME)";
				TEST_HOST = "$(BUILT_PRODUCTS_DIR)/Postcard.app/Postcard";
			};
			name = Release;
		};
/* End XCBuildConfiguration section */

/* Begin XCConfigurationList section */
		6FE4366B1ADB025A007DA8CC /* Build configuration list for PBXProject "Postcard" */ = {
			isa = XCConfigurationList;
			buildConfigurations = (
				6FE4368D1ADB025A007DA8CC /* Debug */,
				6FE4368E1ADB025A007DA8CC /* Release */,
			);
			defaultConfigurationIsVisible = 0;
			defaultConfigurationName = Release;
		};
		6FE4368F1ADB025A007DA8CC /* Build configuration list for PBXNativeTarget "Postcard" */ = {
			isa = XCConfigurationList;
			buildConfigurations = (
				6FE436901ADB025A007DA8CC /* Debug */,
				6FE436911ADB025A007DA8CC /* Release */,
			);
			defaultConfigurationIsVisible = 0;
		};
		6FE436921ADB025A007DA8CC /* Build configuration list for PBXNativeTarget "PostcardTests" */ = {
			isa = XCConfigurationList;
			buildConfigurations = (
				6FE436931ADB025A007DA8CC /* Debug */,
				6FE436941ADB025A007DA8CC /* Release */,
			);
			defaultConfigurationIsVisible = 0;
		};
/* End XCConfigurationList section */
	};
	rootObject = 6FE436681ADB025A007DA8CC /* Project object */;
}
